<?xml version="1.0" encoding="utf-8"?>
<Project ToolsVersion="4.0" xmlns="http://schemas.microsoft.com/developer/msbuild/2003">
  <ItemGroup>
    <Filter Include="Source Files">
      <UniqueIdentifier>{4FC737F1-C7A5-4376-A066-2A32D752A2FF}</UniqueIdentifier>
      <Extensions>cpp;c;cc;cxx;def;odl;idl;hpj;bat;asm;asmx</Extensions>
    </Filter>
    <Filter Include="Header Files">
      <UniqueIdentifier>{93995380-89BD-4b04-88EB-625FBE52EBFB}</UniqueIdentifier>
      <Extensions>h;hh;hpp;hxx;hm;inl;inc;ipp;xsd</Extensions>
    </Filter>
    <Filter Include="Resource Files">
      <UniqueIdentifier>{67DA6AB6-F800-4c08-8B7A-83BB121AAD01}</UniqueIdentifier>
      <Extensions>rc;ico;cur;bmp;dlg;rc2;rct;bin;rgs;gif;jpg;jpeg;jpe;resx;tiff;tif;png;wav;mfcribbon-ms</Extensions>
    </Filter>
  </ItemGroup>
  <ItemGroup>
    <ClInclude Include="targetver.h">
      <Filter>Header Files</Filter>
    </ClInclude>
    <ClInclude Include="Resource.h">
      <Filter>Header Files</Filter>
    </ClInclude>
    <ClInclude Include="GreatEd.h">
      <Filter>Header Files</Filter>
    </ClInclude>
    <ClInclude Include="h\GUI\Wrapper\Controls\CIconBits.h">
      <Filter>Header Files</Filter>
    </ClInclude>
    <ClInclude Include="h\GUI\Wrapper\Controls\cimgloader.h">
      <Filter>Header Files</Filter>
    </ClInclude>
    <ClInclude Include="h\GUI\Wrapper\Controls\CListView.h">
      <Filter>Header Files</Filter>
    </ClInclude>
    <ClInclude Include="h\GUI\Wrapper\Controls\crebar.h">
      <Filter>Header Files</Filter>
    </ClInclude>
    <ClInclude Include="h\GUI\Wrapper\Controls\CScroll.h">
      <Filter>Header Files</Filter>
    </ClInclude>
    <ClInclude Include="h\GUI\Wrapper\Controls\CStatusBar.h">
      <Filter>Header Files</Filter>
    </ClInclude>
    <ClInclude Include="h\GUI\Wrapper\Controls\ctoolbar.h">
      <Filter>Header Files</Filter>
    </ClInclude>
    <ClInclude Include="h\GUI\Wrapper\Controls\ctreeview.h">
      <Filter>Header Files</Filter>
    </ClInclude>
    <ClInclude Include="h\GUI\Wrapper\CBitmap.h">
      <Filter>Header Files</Filter>
    </ClInclude>
    <ClInclude Include="h\GUI\Wrapper\CDialogTemplate.h">
      <Filter>Header Files</Filter>
    </ClInclude>
    <ClInclude Include="h\GUI\Wrapper\CFont.h">
      <Filter>Header Files</Filter>
    </ClInclude>
    <ClInclude Include="h\GUI\Wrapper\Controls.h">
      <Filter>Header Files</Filter>
    </ClInclude>
    <ClInclude Include="h\GUI\Wrapper\CPropSheet.h">
      <Filter>Header Files</Filter>
    </ClInclude>
    <ClInclude Include="h\GUI\Wrapper\CSysString.h">
      <Filter>Header Files</Filter>
    </ClInclude>
    <ClInclude Include="h\GUI\Wrapper\CWindow.h">
      <Filter>Header Files</Filter>
    </ClInclude>
    <ClInclude Include="h\GUI\Dialogs\MainWindow\CMainWindow.h">
      <Filter>Header Files</Filter>
    </ClInclude>
    <ClInclude Include="h\GUI\Dialogs\CAboutDlg.h">
      <Filter>Header Files</Filter>
    </ClInclude>
    <ClInclude Include="h\NES\CNesFile.h">
      <Filter>Header Files</Filter>
    </ClInclude>
    <ClInclude Include="h\NES\CNesEditor.h">
      <Filter>Header Files</Filter>
    </ClInclude>
    <ClInclude Include="h\NES\CNesConverter.h">
      <Filter>Header Files</Filter>
    </ClInclude>
    <ClInclude Include="h\NES\CNesPointers.h">
      <Filter>Header Files</Filter>
    </ClInclude>
    <ClInclude Include="h\NES\CNesLevel.h">
      <Filter>Header Files</Filter>
    </ClInclude>
    <ClInclude Include="h\NES\NesObjects\CNesEnemyObject.h">
      <Filter>Header Files</Filter>
    </ClInclude>
    <ClInclude Include="h\NES\NesObjects\CNesLevelItem.h">
      <Filter>Header Files</Filter>
    </ClInclude>
    <ClInclude Include="h\NES\NesObjects\CNesObject.h">
      <Filter>Header Files</Filter>
    </ClInclude>
    <ClInclude Include="h\NES\NesObjects\NesLevelItems\CNesLevelItemGroundType.h">
      <Filter>Header Files</Filter>
    </ClInclude>
    <ClInclude Include="h\NES\NesObjects\CNesObjectData.h">
      <Filter>Header Files</Filter>
    </ClInclude>
    <ClInclude Include="h\NES\NesObjects\NesLevelItems\SingleBlockObjects.h">
      <Filter>Header Files</Filter>
    </ClInclude>
    <ClInclude Include="h\NES\NesObjects\NesLevelItems\LongObjects.h">
      <Filter>Header Files</Filter>
    </ClInclude>
    <ClInclude Include="h\NES\NesObjects\NesLevelItems\MassiveObjects.h">
      <Filter>Header Files</Filter>
    </ClInclude>
    <ClInclude Include="h\NES\Pointers\E_Pointers.h">
      <Filter>Header Files</Filter>
    </ClInclude>
    <ClInclude Include="h\NES\Pointers\I_Pointers.h">
      <Filter>Header Files</Filter>
    </ClInclude>
    <ClInclude Include="h\NES\CNesLevelInterface.h">
      <Filter>Header Files</Filter>
    </ClInclude>
    <ClInclude Include="h\NES\CNesCanvas.h">
      <Filter>Header Files</Filter>
    </ClInclude>
    <ClInclude Include="h\GUI\Dialogs\CSelectLevelDlg.h">
      <Filter>Header Files</Filter>
    </ClInclude>
    <ClInclude Include="h\NES\NesObjects\CNesLevelView.h">
      <Filter>Header Files</Filter>
    </ClInclude>
    <ClInclude Include="h\NES\NesObjects\CNesMetatiles.h">
      <Filter>Header Files</Filter>
    </ClInclude>
    <ClInclude Include="h\NES\NesObjects\CNesTileCache.h">
      <Filter>Header Files</Filter>
    </ClInclude>
    <ClInclude Include="h\NES\CNesCanvas_Win32Control.h">
      <Filter>Header Files</Filter>
    </ClInclude>
    <ClInclude Include="h\NES\NesObjects\NesEnemyItems\SimpleEnemyItems.h">
      <Filter>Header Files</Filter>
    </ClInclude>
    <ClInclude Include="h\NES\NesObjects\NesEnemyItems\ComplexEnemyObjects.h">
      <Filter>Header Files</Filter>
    </ClInclude>
    <ClInclude Include="h\NES\NesObjects\CNesGameLinks.h">
      <Filter>Header Files</Filter>
    </ClInclude>
    <ClInclude Include="h\NES\CNesObjectsNames.h">
      <Filter>Header Files</Filter>
    </ClInclude>
    <ClInclude Include="h\NES\CNesLevelsKeeper.h">
      <Filter>Header Files</Filter>
    </ClInclude>
    <ClInclude Include="h\GUI\Dialogs\CAreasDlg.h">
      <Filter>Header Files</Filter>
    </ClInclude>
    <ClInclude Include="h\GUI\Dialogs\CNewObjectDlg.h">
      <Filter>Header Files</Filter>
    </ClInclude>
    <ClInclude Include="h\NES\CNesLeveleader.h">
      <Filter>Header Files</Filter>
    </ClInclude>
    <ClInclude Include="h\NES\CNesGameLoopCommand.h">
      <Filter>Header Files</Filter>
    </ClInclude>
    <ClInclude Include="h\GUI\Dialogs\CLoopSettingsDlg.h">
      <Filter>Header Files</Filter>
    </ClInclude>
    <ClInclude Include="h\GUI\Dialogs\CGroundDlg.h">
      <Filter>Header Files</Filter>
    </ClInclude>
    <ClInclude Include="h\GUI\Dialogs\CAreaPropertiesDlgr.h">
      <Filter>Header Files</Filter>
    </ClInclude>
    <ClInclude Include="h\NES\NES.h">
      <Filter>Header Files</Filter>
    </ClInclude>
    <ClInclude Include="h\GUI\Dialogs\CChangeAreaTypeDlg.h">
      <Filter>Header Files</Filter>
    </ClInclude>
    <ClInclude Include="h\GUI\Dialogs\CCreateNewAreaDlg.h">
      <Filter>Header Files</Filter>
    </ClInclude>
    <ClInclude Include="h\GUI\Dialogs\CWorldEditorDlg.h">
      <Filter>Header Files</Filter>
    </ClInclude>
    <ClInclude Include="h\GUI\Dialogs\CPaletteEditorDlg.h">
      <Filter>Header Files</Filter>
    </ClInclude>
    <ClInclude Include="h\GUI\Dialogs\CPageReferencesDlg.h">
      <Filter>Header Files</Filter>
    </ClInclude>
    <ClInclude Include="h\GUI\Dialogs\CLinkManagerDlg.h">
      <Filter>Header Files</Filter>
    </ClInclude>
    <ClInclude Include="h\GUI\Dialogs\CUnusedAreasDlg.h">
      <Filter>Header Files</Filter>
    </ClInclude>
    <ClInclude Include="h\NES\CNesDemoPlay.h">
      <Filter>Header Files</Filter>
    </ClInclude>
    <ClInclude Include="h\GUI\Dialogs\CDemoPlayEditorDlg.h">
      <Filter>Header Files</Filter>
    </ClInclude>
    <ClInclude Include="h\NES\CNesPlayerEntrance.h">
      <Filter>Header Files</Filter>
    </ClInclude>
    <ClInclude Include="h\NES\CNesGameEngineHack.h">
      <Filter>Header Files</Filter>
    </ClInclude>
    <ClInclude Include="h\GUI\GUI.h">
      <Filter>Header Files</Filter>
    </ClInclude>
    <ClInclude Include="h\GUI\Dialogs\EngineHack\CEngineHackSheet.h">
      <Filter>Header Files</Filter>
    </ClInclude>
    <ClInclude Include="h\NES\CNesDrawQueue.h">
      <Filter>Header Files</Filter>
    </ClInclude>
    <ClInclude Include="h\NES\NesObjects\NesLevelItems\GroundDefinition.h">
      <Filter>Header Files</Filter>
    </ClInclude>
    <ClInclude Include="h\NES\CNesBitmap.h">
      <Filter>Header Files</Filter>
    </ClInclude>
    <ClInclude Include="h\GUI\Dialogs\MainWindow\CCanvasTabDlg.h">
      <Filter>Header Files</Filter>
    </ClInclude>
    <ClInclude Include="h\GUI\Wrapper\CPaletteBitmap.h">
      <Filter>Header Files</Filter>
    </ClInclude>
    <ClInclude Include="h\GUI\Wrapper\Controls\CTabControl.h">
      <Filter>Header Files</Filter>
    </ClInclude>
    <ClInclude Include="h\NES\Assembly\CNesAssembly.h">
      <Filter>Header Files</Filter>
    </ClInclude>
    <ClInclude Include="h\NES\Assembly\assembly_map.h">
      <Filter>Header Files</Filter>
    </ClInclude>
    <ClInclude Include="h\NES\CNesTitleScreen.h">
      <Filter>Header Files</Filter>
    </ClInclude>
    <ClInclude Include="h\GUI\Wrapper\Controls\CMenu.h">
      <Filter>Header Files</Filter>
    </ClInclude>
  </ItemGroup>
  <ItemGroup>
    <ClCompile Include="GreatEd.cpp">
      <Filter>Source Files</Filter>
    </ClCompile>
    <ClCompile Include="cpp\GUI\Wrapper\Controls\CIconBits.cpp">
      <Filter>Source Files</Filter>
    </ClCompile>
    <ClCompile Include="cpp\GUI\Wrapper\Controls\cimgloader.cpp">
      <Filter>Source Files</Filter>
    </ClCompile>
    <ClCompile Include="cpp\GUI\Wrapper\Controls\CListView.cpp">
      <Filter>Source Files</Filter>
    </ClCompile>
    <ClCompile Include="cpp\GUI\Wrapper\Controls\crebar.cpp">
      <Filter>Source Files</Filter>
    </ClCompile>
    <ClCompile Include="cpp\GUI\Wrapper\Controls\CScroll.cpp">
      <Filter>Source Files</Filter>
    </ClCompile>
    <ClCompile Include="cpp\GUI\Wrapper\Controls\CStatusBar.cpp">
      <Filter>Source Files</Filter>
    </ClCompile>
    <ClCompile Include="cpp\GUI\Wrapper\Controls\ctoolbar.cpp">
      <Filter>Source Files</Filter>
    </ClCompile>
    <ClCompile Include="cpp\GUI\Wrapper\Controls\ctreeview.cpp">
      <Filter>Source Files</Filter>
    </ClCompile>
    <ClCompile Include="cpp\GUI\Wrapper\CBitmap.cpp">
      <Filter>Source Files</Filter>
    </ClCompile>
    <ClCompile Include="cpp\GUI\Wrapper\CDialogTemplate.cpp">
      <Filter>Source Files</Filter>
    </ClCompile>
    <ClCompile Include="cpp\GUI\Wrapper\CFont.cpp">
      <Filter>Source Files</Filter>
    </ClCompile>
    <ClCompile Include="cpp\GUI\Wrapper\CPropSheet.cpp">
      <Filter>Source Files</Filter>
    </ClCompile>
    <ClCompile Include="cpp\GUI\Wrapper\CSysString.cpp">
      <Filter>Source Files</Filter>
    </ClCompile>
    <ClCompile Include="cpp\GUI\Dialogs\MainWindow\CMainWindow.cpp">
      <Filter>Source Files</Filter>
    </ClCompile>
    <ClCompile Include="cpp\GUI\Wrapper\CWindow.cpp">
      <Filter>Source Files</Filter>
    </ClCompile>
    <ClCompile Include="cpp\GUI\Dialogs\CAboutDlg.cpp">
      <Filter>Source Files</Filter>
    </ClCompile>
    <ClCompile Include="cpp\GUI\Dialogs\MainWindow\CMainWindowCtl.cpp">
      <Filter>Source Files</Filter>
    </ClCompile>
    <ClCompile Include="cpp\NES\CNesFile.cpp">
      <Filter>Source Files</Filter>
    </ClCompile>
    <ClCompile Include="cpp\NES\CNesEditor.cpp">
      <Filter>Source Files</Filter>
    </ClCompile>
    <ClCompile Include="cpp\NES\CNesConverter.cpp">
      <Filter>Source Files</Filter>
    </ClCompile>
    <ClCompile Include="cpp\NES\CNesPointers.cpp">
      <Filter>Source Files</Filter>
    </ClCompile>
    <ClCompile Include="cpp\NES\CNesLevel.cpp">
      <Filter>Source Files</Filter>
    </ClCompile>
    <ClCompile Include="cpp\NES\CNesConverterPatch.cpp">
      <Filter>Source Files</Filter>
    </ClCompile>
    <ClCompile Include="cpp\NES\NesObjects\CNesEnemyObject.cpp">
      <Filter>Source Files</Filter>
    </ClCompile>
    <ClCompile Include="cpp\NES\NesObjects\CNesLevelItem.cpp">
      <Filter>Source Files</Filter>
    </ClCompile>
    <ClCompile Include="cpp\NES\NesObjects\CNesObject.cpp">
      <Filter>Source Files</Filter>
    </ClCompile>
    <ClCompile Include="cpp\NES\NesObjects\NesLevelItems\CNesLevelItemGroundType.cpp">
      <Filter>Source Files</Filter>
    </ClCompile>
    <ClCompile Include="cpp\NES\NesObjects\CNesObjectData.cpp">
      <Filter>Source Files</Filter>
    </ClCompile>
    <ClCompile Include="cpp\NES\NesObjects\NesLevelItems\SingleBlockObjects.cpp">
      <Filter>Source Files</Filter>
    </ClCompile>
    <ClCompile Include="cpp\NES\NesObjects\NesLevelItems\LongObjects.cpp">
      <Filter>Source Files</Filter>
    </ClCompile>
    <ClCompile Include="cpp\NES\NesObjects\NesLevelItems\MassiveObjects.cpp">
      <Filter>Source Files</Filter>
    </ClCompile>
    <ClCompile Include="cpp\NES\CNesLevel_ItemsParser.cpp">
      <Filter>Source Files</Filter>
    </ClCompile>
    <ClCompile Include="cpp\NES\CNesLevel_EnemyParser.cpp">
      <Filter>Source Files</Filter>
    </ClCompile>
    <ClCompile Include="cpp\NES\Pointers\E_Pointers.cpp">
      <Filter>Source Files</Filter>
    </ClCompile>
    <ClCompile Include="cpp\NES\Pointers\I_Pointers.cpp">
      <Filter>Source Files</Filter>
    </ClCompile>
    <ClCompile Include="cpp\NES\CNesCanvas.cpp">
      <Filter>Source Files</Filter>
    </ClCompile>
    <ClCompile Include="cpp\NES\CNesLevelInterface.cpp">
      <Filter>Source Files</Filter>
    </ClCompile>
    <ClCompile Include="cpp\GUI\Dialogs\CSelectLevelDlg.cpp">
      <Filter>Source Files</Filter>
    </ClCompile>
    <ClCompile Include="cpp\NES\NesObjects\CNesLevelView.cpp">
      <Filter>Source Files</Filter>
    </ClCompile>
    <ClCompile Include="cpp\NES\NesObjects\CNesTileCache.cpp">
      <Filter>Source Files</Filter>
    </ClCompile>
    <ClCompile Include="cpp\NES\NesObjects\CNesMetatiles.cpp">
      <Filter>Source Files</Filter>
    </ClCompile>
    <ClCompile Include="cpp\NES\CNesCanvas_Control.cpp">
      <Filter>Source Files</Filter>
    </ClCompile>
    <ClCompile Include="cpp\NES\CNesCanvas_Win32Control.cpp">
      <Filter>Source Files</Filter>
    </ClCompile>
    <ClCompile Include="cpp\NES\NesObjects\NesEnemyItems\SimpleEnemyItems.cpp">
      <Filter>Source Files</Filter>
    </ClCompile>
    <ClCompile Include="cpp\NES\NesObjects\NesEnemyItems\ComplexEnemyObjects.cpp">
      <Filter>Source Files</Filter>
    </ClCompile>
    <ClCompile Include="cpp\NES\NesObjects\CNesGameLinks.cpp">
      <Filter>Source Files</Filter>
    </ClCompile>
    <ClCompile Include="cpp\NES\CNesEditor_Loader.cpp">
      <Filter>Source Files</Filter>
    </ClCompile>
    <ClCompile Include="cpp\NES\CNesEditor_Dumper.cpp">
      <Filter>Source Files</Filter>
    </ClCompile>
    <ClCompile Include="cpp\NES\CNesObjectsNames.cpp">
      <Filter>Source Files</Filter>
    </ClCompile>
    <ClCompile Include="cpp\NES\CNesLevelsKeeper.cpp">
      <Filter>Source Files</Filter>
    </ClCompile>
    <ClCompile Include="cpp\GUI\Dialogs\CAreasDlg.cpp">
      <Filter>Source Files</Filter>
    </ClCompile>
    <ClCompile Include="cpp\GUI\Dialogs\CNewObjectDlg.cpp">
      <Filter>Source Files</Filter>
    </ClCompile>
    <ClCompile Include="cpp\NES\CNesLevelHeader.cpp">
      <Filter>Source Files</Filter>
    </ClCompile>
    <ClCompile Include="cpp\NES\CNesConverterLoopPatch.cpp">
      <Filter>Source Files</Filter>
    </ClCompile>
    <ClCompile Include="cpp\NES\CNesGameLoopCommand.cpp">
      <Filter>Source Files</Filter>
    </ClCompile>
    <ClCompile Include="cpp\NES\CNesLevel_LoopParser.cpp">
      <Filter>Source Files</Filter>
    </ClCompile>
    <ClCompile Include="cpp\GUI\Dialogs\CLoopSettingsDlg.cpp">
      <Filter>Source Files</Filter>
    </ClCompile>
    <ClCompile Include="cpp\GUI\Dialogs\CGroundDlg.cpp">
      <Filter>Source Files</Filter>
    </ClCompile>
    <ClCompile Include="cpp\GUI\Dialogs\CAreaPropertiesDlg.cpp">
      <Filter>Source Files</Filter>
    </ClCompile>
    <ClCompile Include="cpp\GUI\Dialogs\CChangeAreaTypeDlg.cpp">
      <Filter>Source Files</Filter>
    </ClCompile>
    <ClCompile Include="cpp\GUI\Dialogs\CCreateNewAreaDlg.cpp">
      <Filter>Source Files</Filter>
    </ClCompile>
    <ClCompile Include="cpp\GUI\Dialogs\CWorldEditorDlg.cpp">
      <Filter>Source Files</Filter>
    </ClCompile>
    <ClCompile Include="cpp\NES\CNesConverterPatchHalfPages.cpp">
      <Filter>Source Files</Filter>
    </ClCompile>
    <ClCompile Include="cpp\GUI\Dialogs\CPaletteEditorDlg.cpp">
      <Filter>Source Files</Filter>
    </ClCompile>
    <ClCompile Include="cpp\GUI\Dialogs\CPageReferencesDlg.cpp">
      <Filter>Source Files</Filter>
    </ClCompile>
    <ClCompile Include="cpp\GUI\Dialogs\CLinkManagerDlg.cpp">
      <Filter>Source Files</Filter>
    </ClCompile>
    <ClCompile Include="cpp\GUI\Dialogs\CUnusedAreasDlg.cpp">
      <Filter>Source Files</Filter>
    </ClCompile>
    <ClCompile Include="cpp\NES\CNesDemoPlay.cpp">
      <Filter>Source Files</Filter>
    </ClCompile>
    <ClCompile Include="cpp\GUI\Dialogs\CDemoPlayEditorDlg.cpp">
      <Filter>Source Files</Filter>
    </ClCompile>
    <ClCompile Include="cpp\NES\CNesPlayerEntrance.cpp">
      <Filter>Source Files</Filter>
    </ClCompile>
    <ClCompile Include="cpp\NES\CNesGameEngineHack.cpp">
      <Filter>Source Files</Filter>
    </ClCompile>
    <ClCompile Include="cpp\NES\Colors.cpp">
      <Filter>Source Files</Filter>
    </ClCompile>
    <ClCompile Include="cpp\NES\allocator.cpp">
      <Filter>Source Files</Filter>
    </ClCompile>
    <ClCompile Include="cpp\GUI\Dialogs\EngineHack\CEngineHackSheet.cpp">
      <Filter>Source Files</Filter>
    </ClCompile>
    <ClCompile Include="cpp\NES\CNesDrawQueue.cpp">
      <Filter>Source Files</Filter>
    </ClCompile>
    <ClCompile Include="cpp\NES\CNesBitmap.cpp">
      <Filter>Source Files</Filter>
    </ClCompile>
    <ClCompile Include="cpp\GUI\Wrapper\CPaletteBitmap.cpp">
      <Filter>Source Files</Filter>
    </ClCompile>
    <ClCompile Include="cpp\GUI\Dialogs\MainWindow\CCanvasTabDlg.cpp">
      <Filter>Source Files</Filter>
    </ClCompile>
    <ClCompile Include="cpp\GUI\Wrapper\Controls\CTabControl.cpp">
      <Filter>Source Files</Filter>
    </ClCompile>
    <ClCompile Include="cpp\NES\Assembly\CNesAssembly.cpp">
      <Filter>Source Files</Filter>
    </ClCompile>
    <ClCompile Include="cpp\NES\CNesTitleScreen.cpp">
      <Filter>Source Files</Filter>
    </ClCompile>
    <ClCompile Include="cpp\NES\Pointers\X_Pointers.cpp">
      <Filter>Source Files</Filter>
    </ClCompile>
    <ClCompile Include="cpp\GUI\Wrapper\Controls\CMenu.cpp">
      <Filter>Source Files</Filter>
    </ClCompile>
  </ItemGroup>
  <ItemGroup>
    <ResourceCompile Include="GreatEd.rc">
      <Filter>Resource Files</Filter>
    </ResourceCompile>
  </ItemGroup>
  <ItemGroup>
    <Image Include="rc\216.PNG">
      <Filter>Resource Files</Filter>
    </Image>
    <Image Include="rc\greated.ico">
      <Filter>Resource Files</Filter>
    </Image>
  </ItemGroup>
</Project>